
Microsoft Visual Studio Solution File, Format Version 12.00
# Visual Studio 15
VisualStudioVersion = 15.0.27130.2010
MinimumVisualStudioVersion = 10.0.40219.1
Project("{9A19103F-16F7-4668-BE54-9A1E7A4F7556}") = "ProjectVindictive.Service.Authentication", "src\ProjectVindictive.Service.Authentication\ProjectVindictive.Service.Authentication.csproj", "{72E610C5-2818-4846-9F75-5EC264E9C45B}"
EndProject
Project("{2150E333-8FDC-42A3-9474-1A3956D46DE8}") = "src", "src", "{89BE0ADF-EEBC-425A-817B-EFBF25CB070C}"
EndProject
Project("{2150E333-8FDC-42A3-9474-1A3956D46DE8}") = "services", "services", "{CA8B7231-73F4-445E-B41E-E17AB7FA5D38}"
EndProject
Project("{FAE04EC0-301F-11D3-BF4B-00C04F79EFBC}") = "ProjectVindictive.Service.UserContentManagement", "src\ProjectVindictive.Service.UserContentManagement\ProjectVindictive.Service.UserContentManagement.csproj", "{65E753D5-191A-44DC-804B-98C65CD57FB1}"
EndProject
Project("{FAE04EC0-301F-11D3-BF4B-00C04F79EFBC}") = "ProjectVindictive.Database.Worlds", "src\ProjectVindictive.Database.Worlds\ProjectVindictive.Database.Worlds.csproj", "{30DEFFBF-FDFD-49D4-ACA7-BF3AB0620FFE}"
EndProject
Project("{FAE04EC0-301F-11D3-BF4B-00C04F79EFBC}") = "ProjectVindictive.Models.UserContentManagement", "src\ProjectVindictive.Models.UserContentManagement\ProjectVindictive.Models.UserContentManagement.csproj", "{CCCA468E-C603-4857-8DDC-BC1DADC0BF8A}"
EndProject
Project("{2150E333-8FDC-42A3-9474-1A3956D46DE8}") = "tests", "tests", "{6F2E205D-66AF-45C7-ADE5-59C0763989AB}"
EndProject
Project("{FAE04EC0-301F-11D3-BF4B-00C04F79EFBC}") = "ProjectVindictive.Tests.S3PreSignedUrlTestClient", "tests\ProjectVindictive.Tests.S3PreSignedUrlTestClient\ProjectVindictive.Tests.S3PreSignedUrlTestClient.csproj", "{8B14AEA4-233E-42B5-8220-8FDAC8CC3774}"
EndProject
Project("{2150E333-8FDC-42A3-9474-1A3956D46DE8}") = "sdk", "sdk", "{433C627F-B66F-438C-9DD7-C040E21D9A82}"
EndProject
Project("{FAE04EC0-301F-11D3-BF4B-00C04F79EFBC}") = "ProjectVindictive.SDK.Editor.Build", "src\ProjectVindictive.SDK.Editor.Build\ProjectVindictive.SDK.Editor.Build.csproj", "{47BEE5F7-F1AC-4C9A-A371-BC244FB4E6E3}"
EndProject
Project("{2150E333-8FDC-42A3-9474-1A3956D46DE8}") = "client", "client", "{12A03A4C-6A54-49D8-A984-B61640767E05}"
EndProject
Project("{FAE04EC0-301F-11D3-BF4B-00C04F79EFBC}") = "ProjectVindictive.Client.World", "src\ProjectVindictive.Client.World\ProjectVindictive.Client.World.csproj", "{CE70F72B-F1F6-4A79-8DF1-0001A79E8E47}"
EndProject
Project("{2150E333-8FDC-42A3-9474-1A3956D46DE8}") = "database", "database", "{944DED3A-F301-45F4-B0B0-B0008EBA3897}"
EndProject
Project("{2150E333-8FDC-42A3-9474-1A3956D46DE8}") = "models", "models", "{B1B5ADD9-0A6A-4960-A1BB-4C0F03BDCE64}"
EndProject
Project("{FAE04EC0-301F-11D3-BF4B-00C04F79EFBC}") = "ProjectVindictive.Server.AmazonS3", "src\ProjectVindictive.Server.AmazonS3\ProjectVindictive.Server.AmazonS3.csproj", "{31F4BB13-9CEE-4FDD-8287-FCBF85B446AA}"
EndProject
Project("{FAE04EC0-301F-11D3-BF4B-00C04F79EFBC}") = "ProjectVindictive.Server.Common", "src\ProjectVindictive.Server.Common\ProjectVindictive.Server.Common.csproj", "{08D78DA6-E4F7-4127-B38C-40A2D59369BF}"
EndProject
Project("{FAE04EC0-301F-11D3-BF4B-00C04F79EFBC}") = "ProjectVindictive.Service.WorldService", "src\ProjectVindictive.Service.WorldService\ProjectVindictive.Service.WorldService.csproj", "{457DA94F-E0D4-43E4-8B8E-8CAA00EA8F95}"
EndProject
Project("{FAE04EC0-301F-11D3-BF4B-00C04F79EFBC}") = "ProjectVindictive.Models.Game.World", "src\ProjectVindictive.Models.Game.World\ProjectVindictive.Models.Game.World.csproj", "{088B4B1F-921C-4154-B6C6-8F66A6FD0696}"
EndProject
Global
	GlobalSection(SolutionConfigurationPlatforms) = preSolution
		Debug|Any CPU = Debug|Any CPU
		Release|Any CPU = Release|Any CPU
	EndGlobalSection
	GlobalSection(ProjectConfigurationPlatforms) = postSolution
		{72E610C5-2818-4846-9F75-5EC264E9C45B}.Debug|Any CPU.ActiveCfg = Debug|Any CPU
		{72E610C5-2818-4846-9F75-5EC264E9C45B}.Debug|Any CPU.Build.0 = Debug|Any CPU
		{72E610C5-2818-4846-9F75-5EC264E9C45B}.Release|Any CPU.ActiveCfg = Release|Any CPU
		{72E610C5-2818-4846-9F75-5EC264E9C45B}.Release|Any CPU.Build.0 = Release|Any CPU
		{65E753D5-191A-44DC-804B-98C65CD57FB1}.Debug|Any CPU.ActiveCfg = Debug|Any CPU
		{65E753D5-191A-44DC-804B-98C65CD57FB1}.Debug|Any CPU.Build.0 = Debug|Any CPU
		{65E753D5-191A-44DC-804B-98C65CD57FB1}.Release|Any CPU.ActiveCfg = Release|Any CPU
		{65E753D5-191A-44DC-804B-98C65CD57FB1}.Release|Any CPU.Build.0 = Release|Any CPU
		{30DEFFBF-FDFD-49D4-ACA7-BF3AB0620FFE}.Debug|Any CPU.ActiveCfg = Debug|Any CPU
		{30DEFFBF-FDFD-49D4-ACA7-BF3AB0620FFE}.Debug|Any CPU.Build.0 = Debug|Any CPU
		{30DEFFBF-FDFD-49D4-ACA7-BF3AB0620FFE}.Release|Any CPU.ActiveCfg = Release|Any CPU
		{30DEFFBF-FDFD-49D4-ACA7-BF3AB0620FFE}.Release|Any CPU.Build.0 = Release|Any CPU
		{CCCA468E-C603-4857-8DDC-BC1DADC0BF8A}.Debug|Any CPU.ActiveCfg = Debug|Any CPU
		{CCCA468E-C603-4857-8DDC-BC1DADC0BF8A}.Debug|Any CPU.Build.0 = Debug|Any CPU
		{CCCA468E-C603-4857-8DDC-BC1DADC0BF8A}.Release|Any CPU.ActiveCfg = Release|Any CPU
		{CCCA468E-C603-4857-8DDC-BC1DADC0BF8A}.Release|Any CPU.Build.0 = Release|Any CPU
		{8B14AEA4-233E-42B5-8220-8FDAC8CC3774}.Debug|Any CPU.ActiveCfg = Debug|Any CPU
		{8B14AEA4-233E-42B5-8220-8FDAC8CC3774}.Debug|Any CPU.Build.0 = Debug|Any CPU
		{8B14AEA4-233E-42B5-8220-8FDAC8CC3774}.Release|Any CPU.ActiveCfg = Release|Any CPU
		{8B14AEA4-233E-42B5-8220-8FDAC8CC3774}.Release|Any CPU.Build.0 = Release|Any CPU
		{47BEE5F7-F1AC-4C9A-A371-BC244FB4E6E3}.Debug|Any CPU.ActiveCfg = Debug|Any CPU
		{47BEE5F7-F1AC-4C9A-A371-BC244FB4E6E3}.Debug|Any CPU.Build.0 = Debug|Any CPU
		{47BEE5F7-F1AC-4C9A-A371-BC244FB4E6E3}.Release|Any CPU.ActiveCfg = Release|Any CPU
		{47BEE5F7-F1AC-4C9A-A371-BC244FB4E6E3}.Release|Any CPU.Build.0 = Release|Any CPU
		{CE70F72B-F1F6-4A79-8DF1-0001A79E8E47}.Debug|Any CPU.ActiveCfg = Debug|Any CPU
		{CE70F72B-F1F6-4A79-8DF1-0001A79E8E47}.Debug|Any CPU.Build.0 = Debug|Any CPU
		{CE70F72B-F1F6-4A79-8DF1-0001A79E8E47}.Release|Any CPU.ActiveCfg = Release|Any CPU
		{CE70F72B-F1F6-4A79-8DF1-0001A79E8E47}.Release|Any CPU.Build.0 = Release|Any CPU
		{31F4BB13-9CEE-4FDD-8287-FCBF85B446AA}.Debug|Any CPU.ActiveCfg = Debug|Any CPU
		{31F4BB13-9CEE-4FDD-8287-FCBF85B446AA}.Debug|Any CPU.Build.0 = Debug|Any CPU
		{31F4BB13-9CEE-4FDD-8287-FCBF85B446AA}.Release|Any CPU.ActiveCfg = Release|Any CPU
		{31F4BB13-9CEE-4FDD-8287-FCBF85B446AA}.Release|Any CPU.Build.0 = Release|Any CPU
		{08D78DA6-E4F7-4127-B38C-40A2D59369BF}.Debug|Any CPU.ActiveCfg = Debug|Any CPU
		{08D78DA6-E4F7-4127-B38C-40A2D59369BF}.Debug|Any CPU.Build.0 = Debug|Any CPU
		{08D78DA6-E4F7-4127-B38C-40A2D59369BF}.Release|Any CPU.ActiveCfg = Release|Any CPU
		{08D78DA6-E4F7-4127-B38C-40A2D59369BF}.Release|Any CPU.Build.0 = Release|Any CPU
		{457DA94F-E0D4-43E4-8B8E-8CAA00EA8F95}.Debug|Any CPU.ActiveCfg = Debug|Any CPU
		{457DA94F-E0D4-43E4-8B8E-8CAA00EA8F95}.Debug|Any CPU.Build.0 = Debug|Any CPU
		{457DA94F-E0D4-43E4-8B8E-8CAA00EA8F95}.Release|Any CPU.ActiveCfg = Release|Any CPU
		{457DA94F-E0D4-43E4-8B8E-8CAA00EA8F95}.Release|Any CPU.Build.0 = Release|Any CPU
		{088B4B1F-921C-4154-B6C6-8F66A6FD0696}.Debug|Any CPU.ActiveCfg = Debug|Any CPU
		{088B4B1F-921C-4154-B6C6-8F66A6FD0696}.Debug|Any CPU.Build.0 = Debug|Any CPU
		{088B4B1F-921C-4154-B6C6-8F66A6FD0696}.Release|Any CPU.ActiveCfg = Release|Any CPU
		{088B4B1F-921C-4154-B6C6-8F66A6FD0696}.Release|Any CPU.Build.0 = Release|Any CPU
	EndGlobalSection
	GlobalSection(SolutionProperties) = preSolution
		HideSolutionNode = FALSE
	EndGlobalSection
	GlobalSection(NestedProjects) = preSolution
		{72E610C5-2818-4846-9F75-5EC264E9C45B} = {CA8B7231-73F4-445E-B41E-E17AB7FA5D38}
		{CA8B7231-73F4-445E-B41E-E17AB7FA5D38} = {89BE0ADF-EEBC-425A-817B-EFBF25CB070C}
		{65E753D5-191A-44DC-804B-98C65CD57FB1} = {CA8B7231-73F4-445E-B41E-E17AB7FA5D38}
		{30DEFFBF-FDFD-49D4-ACA7-BF3AB0620FFE} = {944DED3A-F301-45F4-B0B0-B0008EBA3897}
		{CCCA468E-C603-4857-8DDC-BC1DADC0BF8A} = {B1B5ADD9-0A6A-4960-A1BB-4C0F03BDCE64}
		{8B14AEA4-233E-42B5-8220-8FDAC8CC3774} = {6F2E205D-66AF-45C7-ADE5-59C0763989AB}
		{433C627F-B66F-438C-9DD7-C040E21D9A82} = {89BE0ADF-EEBC-425A-817B-EFBF25CB070C}
		{47BEE5F7-F1AC-4C9A-A371-BC244FB4E6E3} = {433C627F-B66F-438C-9DD7-C040E21D9A82}
		{12A03A4C-6A54-49D8-A984-B61640767E05} = {89BE0ADF-EEBC-425A-817B-EFBF25CB070C}
		{CE70F72B-F1F6-4A79-8DF1-0001A79E8E47} = {12A03A4C-6A54-49D8-A984-B61640767E05}
		{944DED3A-F301-45F4-B0B0-B0008EBA3897} = {89BE0ADF-EEBC-425A-817B-EFBF25CB070C}
		{B1B5ADD9-0A6A-4960-A1BB-4C0F03BDCE64} = {89BE0ADF-EEBC-425A-817B-EFBF25CB070C}
		{31F4BB13-9CEE-4FDD-8287-FCBF85B446AA} = {CA8B7231-73F4-445E-B41E-E17AB7FA5D38}
		{08D78DA6-E4F7-4127-B38C-40A2D59369BF} = {CA8B7231-73F4-445E-B41E-E17AB7FA5D38}
		{457DA94F-E0D4-43E4-8B8E-8CAA00EA8F95} = {CA8B7231-73F4-445E-B41E-E17AB7FA5D38}
		{088B4B1F-921C-4154-B6C6-8F66A6FD0696} = {B1B5ADD9-0A6A-4960-A1BB-4C0F03BDCE64}
	EndGlobalSection
	GlobalSection(ExtensibilityGlobals) = postSolution
		SolutionGuid = {9A7F388A-9DD2-40B2-B5C7-C5FC50756052}
	EndGlobalSection
EndGlobal
